
Microsoft Visual Studio Solution File, Format Version 12.00
# Visual Studio Version 17
VisualStudioVersion = 17.10.35013.160
MinimumVisualStudioVersion = 10.0.40219.1
Project("{FAE04EC0-301F-11D3-BF4B-00C04F79EFBC}") = "cheking", "cheking\cheking.csproj", "{912F2B41-7A36-44BB-B7C3-796D7FAF011B}"
EndProject
Global
	GlobalSection(SolutionConfigurationPlatforms) = preSolution
		Debug|Any CPU = Debug|Any CPU
		Release|Any CPU = Release|Any CPU
	EndGlobalSection
	GlobalSection(ProjectConfigurationPlatforms) = postSolution
		{912F2B41-7A36-44BB-B7C3-796D7FAF011B}.Debug|Any CPU.ActiveCfg = Debug|Any CPU
		{912F2B41-7A36-44BB-B7C3-796D7FAF011B}.Debug|Any CPU.Build.0 = Debug|Any CPU
		{912F2B41-7A36-44BB-B7C3-796D7FAF011B}.Release|Any CPU.ActiveCfg = Release|Any CPU
		{912F2B41-7A36-44BB-B7C3-796D7FAF011B}.Release|Any CPU.Build.0 = Release|Any CPU
	EndGlobalSection
	GlobalSection(SolutionProperties) = preSolution
		HideSolutionNode = FALSE
	EndGlobalSection
	GlobalSection(ExtensibilityGlobals) = postSolution
		SolutionGuid = {25A3DB32-CADC-4216-9F07-FB8B4ACE5952}
	EndGlobalSection
EndGlobal
